
Microsoft Visual Studio Solution File, Format Version 12.00
# Visual Studio 2012
Project("{FAE04EC0-301F-11D3-BF4B-00C04F79EFBC}") = "G2LoginPrototype", "G2LoginPrototype.csproj", "{C722F58C-9D9C-4B3D-9B9F-FCE8642ECEBC}"
EndProject
Global
	GlobalSection(SolutionConfigurationPlatforms) = preSolution
		Debug|Any CPU = Debug|Any CPU
		Release|Any CPU = Release|Any CPU
	EndGlobalSection
	GlobalSection(ProjectConfigurationPlatforms) = postSolution
		{C722F58C-9D9C-4B3D-9B9F-FCE8642ECEBC}.Debug|Any CPU.ActiveCfg = Debug|Any CPU
		{C722F58C-9D9C-4B3D-9B9F-FCE8642ECEBC}.Debug|Any CPU.Build.0 = Debug|Any CPU
		{C722F58C-9D9C-4B3D-9B9F-FCE8642ECEBC}.Release|Any CPU.ActiveCfg = Release|Any CPU
		{C722F58C-9D9C-4B3D-9B9F-FCE8642ECEBC}.Release|Any CPU.Build.0 = Release|Any CPU
	EndGlobalSection
	GlobalSection(SolutionProperties) = preSolution
		HideSolutionNode = FALSE
	EndGlobalSection
EndGlobal
